
Microsoft Visual Studio Solution File, Format Version 12.00
# Visual Studio Version 17
VisualStudioVersion = 17.7.34009.444
MinimumVisualStudioVersion = 10.0.40219.1
Project("{FAE04EC0-301F-11D3-BF4B-00C04F79EFBC}") = "WebApplication1", "WebApplication1.csproj", "{77987931-53BE-4E0A-A6AC-C39A4E7C8056}"
EndProject
Global
	GlobalSection(SolutionConfigurationPlatforms) = preSolution
		Debug|Any CPU = Debug|Any CPU
		Release|Any CPU = Release|Any CPU
	EndGlobalSection
	GlobalSection(ProjectConfigurationPlatforms) = postSolution
		{77987931-53BE-4E0A-A6AC-C39A4E7C8056}.Debug|Any CPU.ActiveCfg = Debug|Any CPU
		{77987931-53BE-4E0A-A6AC-C39A4E7C8056}.Debug|Any CPU.Build.0 = Debug|Any CPU
		{77987931-53BE-4E0A-A6AC-C39A4E7C8056}.Release|Any CPU.ActiveCfg = Release|Any CPU
		{77987931-53BE-4E0A-A6AC-C39A4E7C8056}.Release|Any CPU.Build.0 = Release|Any CPU
	EndGlobalSection
	GlobalSection(SolutionProperties) = preSolution
		HideSolutionNode = FALSE
	EndGlobalSection
	GlobalSection(ExtensibilityGlobals) = postSolution
		SolutionGuid = {39E32375-6A2A-4431-AB87-31F0AFB0CBB1}
	EndGlobalSection
EndGlobal
